
Microsoft Visual Studio Solution File, Format Version 12.00
# Visual Studio Version 17
VisualStudioVersion = 17.0.31903.59
MinimumVisualStudioVersion = 10.0.40219.1
Project("{2150E333-8FDC-42A3-9474-1A3956D46DE8}") = "domain", "domain", "{A435277A-AB5C-42ED-865B-68CB1A542F4C}"
EndProject
Project("{FAE04EC0-301F-11D3-BF4B-00C04F79EFBC}") = "Store", "domain\Store\Store.csproj", "{7B7E142D-6247-45D5-B189-15AFFE2845DB}"
EndProject
Project("{2150E333-8FDC-42A3-9474-1A3956D46DE8}") = "infrastructure", "infrastructure", "{A7624F52-A158-4A71-B104-222D7B3C8101}"
EndProject
Project("{FAE04EC0-301F-11D3-BF4B-00C04F79EFBC}") = "Store_Memory", "infrastructure\Store_Memory\Store_Memory.csproj", "{9C2CDF21-96DB-4A44-A60B-C1C528E07D6E}"
EndProject
Project("{2150E333-8FDC-42A3-9474-1A3956D46DE8}") = "presentation", "presentation", "{FAB8665E-47B6-4B74-B452-0E3C50094787}"
EndProject
Project("{FAE04EC0-301F-11D3-BF4B-00C04F79EFBC}") = "Store_Web", "presentation\Store_Web\Store_Web.csproj", "{F08FE276-AF84-4BE5-8BE9-5CC7DF0AE4F9}"
EndProject
Project("{FAE04EC0-301F-11D3-BF4B-00C04F79EFBC}") = "Store.Tests", "Store.Tests\Store.Tests.csproj", "{085B9003-FC40-4281-ADF1-7BD336E5DF68}"
EndProject
Project("{FAE04EC0-301F-11D3-BF4B-00C04F79EFBC}") = "Store.Web.Contractors", "presentation\Store.Web.Contractors\Store.Web.Contractors.csproj", "{3B2A40C4-63E3-407D-A75D-DE6BC799A07E}"
EndProject
Project("{2150E333-8FDC-42A3-9474-1A3956D46DE8}") = "plugins", "plugins", "{36D591C7-65C7-A0D1-1CBC-10CDE441BDC8}"
EndProject
Project("{FAE04EC0-301F-11D3-BF4B-00C04F79EFBC}") = "Store.YandexKassa", "plugins\Store.YandexKassa\Store.YandexKassa.csproj", "{C71336AB-52C7-4FAF-9646-D78B054BAD48}"
EndProject
Project("{2150E333-8FDC-42A3-9474-1A3956D46DE8}") = "application", "application", "{6F15BB20-737C-4E65-A278-A6C3EA9261FF}"
EndProject
Project("{FAE04EC0-301F-11D3-BF4B-00C04F79EFBC}") = "Store.Web.App", "application\Store.Web.App\Store.Web.App.csproj", "{67701A80-371C-4AE9-8AC4-FE5DF67DCE12}"
EndProject
Global
	GlobalSection(SolutionConfigurationPlatforms) = preSolution
		Debug|Any CPU = Debug|Any CPU
		Release|Any CPU = Release|Any CPU
	EndGlobalSection
	GlobalSection(ProjectConfigurationPlatforms) = postSolution
		{7B7E142D-6247-45D5-B189-15AFFE2845DB}.Debug|Any CPU.ActiveCfg = Debug|Any CPU
		{7B7E142D-6247-45D5-B189-15AFFE2845DB}.Debug|Any CPU.Build.0 = Debug|Any CPU
		{7B7E142D-6247-45D5-B189-15AFFE2845DB}.Release|Any CPU.ActiveCfg = Release|Any CPU
		{7B7E142D-6247-45D5-B189-15AFFE2845DB}.Release|Any CPU.Build.0 = Release|Any CPU
		{9C2CDF21-96DB-4A44-A60B-C1C528E07D6E}.Debug|Any CPU.ActiveCfg = Debug|Any CPU
		{9C2CDF21-96DB-4A44-A60B-C1C528E07D6E}.Debug|Any CPU.Build.0 = Debug|Any CPU
		{9C2CDF21-96DB-4A44-A60B-C1C528E07D6E}.Release|Any CPU.ActiveCfg = Release|Any CPU
		{9C2CDF21-96DB-4A44-A60B-C1C528E07D6E}.Release|Any CPU.Build.0 = Release|Any CPU
		{F08FE276-AF84-4BE5-8BE9-5CC7DF0AE4F9}.Debug|Any CPU.ActiveCfg = Debug|Any CPU
		{F08FE276-AF84-4BE5-8BE9-5CC7DF0AE4F9}.Debug|Any CPU.Build.0 = Debug|Any CPU
		{F08FE276-AF84-4BE5-8BE9-5CC7DF0AE4F9}.Release|Any CPU.ActiveCfg = Release|Any CPU
		{F08FE276-AF84-4BE5-8BE9-5CC7DF0AE4F9}.Release|Any CPU.Build.0 = Release|Any CPU
		{085B9003-FC40-4281-ADF1-7BD336E5DF68}.Debug|Any CPU.ActiveCfg = Debug|Any CPU
		{085B9003-FC40-4281-ADF1-7BD336E5DF68}.Debug|Any CPU.Build.0 = Debug|Any CPU
		{085B9003-FC40-4281-ADF1-7BD336E5DF68}.Release|Any CPU.ActiveCfg = Release|Any CPU
		{085B9003-FC40-4281-ADF1-7BD336E5DF68}.Release|Any CPU.Build.0 = Release|Any CPU
		{3B2A40C4-63E3-407D-A75D-DE6BC799A07E}.Debug|Any CPU.ActiveCfg = Debug|Any CPU
		{3B2A40C4-63E3-407D-A75D-DE6BC799A07E}.Debug|Any CPU.Build.0 = Debug|Any CPU
		{3B2A40C4-63E3-407D-A75D-DE6BC799A07E}.Release|Any CPU.ActiveCfg = Release|Any CPU
		{3B2A40C4-63E3-407D-A75D-DE6BC799A07E}.Release|Any CPU.Build.0 = Release|Any CPU
		{C71336AB-52C7-4FAF-9646-D78B054BAD48}.Debug|Any CPU.ActiveCfg = Debug|Any CPU
		{C71336AB-52C7-4FAF-9646-D78B054BAD48}.Debug|Any CPU.Build.0 = Debug|Any CPU
		{C71336AB-52C7-4FAF-9646-D78B054BAD48}.Release|Any CPU.ActiveCfg = Release|Any CPU
		{C71336AB-52C7-4FAF-9646-D78B054BAD48}.Release|Any CPU.Build.0 = Release|Any CPU
		{67701A80-371C-4AE9-8AC4-FE5DF67DCE12}.Debug|Any CPU.ActiveCfg = Debug|Any CPU
		{67701A80-371C-4AE9-8AC4-FE5DF67DCE12}.Debug|Any CPU.Build.0 = Debug|Any CPU
		{67701A80-371C-4AE9-8AC4-FE5DF67DCE12}.Release|Any CPU.ActiveCfg = Release|Any CPU
		{67701A80-371C-4AE9-8AC4-FE5DF67DCE12}.Release|Any CPU.Build.0 = Release|Any CPU
	EndGlobalSection
	GlobalSection(SolutionProperties) = preSolution
		HideSolutionNode = FALSE
	EndGlobalSection
	GlobalSection(NestedProjects) = preSolution
		{7B7E142D-6247-45D5-B189-15AFFE2845DB} = {A435277A-AB5C-42ED-865B-68CB1A542F4C}
		{9C2CDF21-96DB-4A44-A60B-C1C528E07D6E} = {A7624F52-A158-4A71-B104-222D7B3C8101}
		{F08FE276-AF84-4BE5-8BE9-5CC7DF0AE4F9} = {FAB8665E-47B6-4B74-B452-0E3C50094787}
		{085B9003-FC40-4281-ADF1-7BD336E5DF68} = {A435277A-AB5C-42ED-865B-68CB1A542F4C}
		{3B2A40C4-63E3-407D-A75D-DE6BC799A07E} = {FAB8665E-47B6-4B74-B452-0E3C50094787}
		{C71336AB-52C7-4FAF-9646-D78B054BAD48} = {36D591C7-65C7-A0D1-1CBC-10CDE441BDC8}
		{67701A80-371C-4AE9-8AC4-FE5DF67DCE12} = {6F15BB20-737C-4E65-A278-A6C3EA9261FF}
	EndGlobalSection
	GlobalSection(ExtensibilityGlobals) = postSolution
		SolutionGuid = {668C45EF-77FA-420C-830D-DA8D09C26793}
	EndGlobalSection
EndGlobal
